{
  "originHash" : "0b1998e14cb0402d47cb0c95626dc22b96000fe905dcb31034c65417c0b0b383",
  "pins" : [
    {
      "identity" : "environmentoverrides",
      "kind" : "remoteSourceControl",
      "location" : "https://github.com/nalexn/EnvironmentOverrides",
      "state" : {
        "revision" : "d0b763a678d254e51c74c48e83119bd063250ba3",
        "version" : "0.0.4"
      }
    },
    {
      "identity" : "viewinspector",
      "kind" : "remoteSourceControl",
      "location" : "https://github.com/nalexn/ViewInspector",
      "state" : {
        "revision" : "e9a06346499a3a889165647e3f23f8a7b2609a1c",
        "version" : "0.10.3"
      }
    }
  ],
  "version" : 3
}
