{
  "originHash" : "27ee86b565f084b702e43b1758f3b8c4b9cf9bfea503b092994ae680c6cdd61f",
  "pins" : [
    {
      "identity" : "environmentoverrides",
      "kind" : "remoteSourceControl",
      "location" : "https://github.com/nalexn/EnvironmentOverrides",
      "state" : {
        "revision" : "d0b763a678d254e51c74c48e83119bd063250ba3",
        "version" : "0.0.4"
      }
    },
    {
      "identity" : "rejourney",
      "kind" : "remoteSourceControl",
      "location" : "https://github.com/rejourneyco/rejourney",
      "state" : {
        "revision" : "b356bb46a2c307b0421754511ee62bf9a54044a2",
        "version" : "0.1.1"
      }
    },
    {
      "identity" : "viewinspector",
      "kind" : "remoteSourceControl",
      "location" : "https://github.com/nalexn/ViewInspector",
      "state" : {
        "revision" : "e9a06346499a3a889165647e3f23f8a7b2609a1c",
        "version" : "0.10.3"
      }
    }
  ],
  "version" : 3
}
